github.com/lib/pq v1.9.0 h1:L8nSXQQzAYByakOFMTwpjRoHsMJklur4Gi59b6VivR8=
github.com/lib/pq v1.9.0/go.mod h1:AlVN5x4E4T544tWzH6hKfbfQvm3HdbOxrmggDNAPY9o=
github.com/mattn/go-sqlite3 v1.9.0 h1:pDRiWfl+++eC2FEFRy6jXmQlvp4Yh3z1MJKg4UeYM/4=
github.com/mattn/go-sqlite3 v1.9.0/go.mod h1:FPy6KqzDD04eiIsT53CuJW3U88zkxoIYsOqkbpncsNc=
github.com/mattn/go-sqlite3 v1.11.0 h1:LDdKkqtYlom37fkvqs8rMPFKAMe8+SgjbwZ6ex1/A/Q=
github.com/mattn/go-sqlite3 v1.11.0/go.mod h1:FPy6KqzDD04eiIsT53CuJW3U88zkxoIYsOqkbpncsNc=
github.com/nathan-osman/go-sunrise v0.0.0-20201029015502-9a83cd1a5746 h1:5+ym5FPmJFiuIO35zuqFwsYYO1q99KYHd0ug6bzc9zs=
github.com/nathan-osman/go-sunrise v0.0.0-20201029015502-9a83cd1a5746/go.mod h1:kCE4+NvReDuwiJGk03l6QONGmYy805GQP3xGcCm8cBg=
github.com/osm/event v1.0.0 h1:pfdZ2QUAU9Cas1CMlw+CUpRtyIhhuI+rMy8cnkdAXO8=
github.com/osm/event v1.0.0/go.mod h1:w0LNIYpkHaF62un5RwRuQv6CJP2l42m9iwcislaKZhU=
github.com/osm/flen v1.0.0/go.mod h1:iEnnCNqUz0Nr10JEm7rXvGV/Afd/U6CLvblpFtUjbPw=
github.com/osm/irc v1.0.1 h1:PEalc7UV4XsUPMQ7sRGwlQ9e4Q2GvfvDRowXtYUcHIo=
github.com/osm/irc v1.0.1/go.mod h1:rSy1ovbsD4+Oq5aMDCm38fc9994iPdGPL7M+x/8TnHU=
github.com/osm/irc v1.0.2 h1:O8hR9Lqx2Fy6sTqWNSyVJ1T60LaZOVQXVDmiIuA/5aQ=
github.com/osm/irc v1.0.2/go.mod h1:rSy1ovbsD4+Oq5aMDCm38fc9994iPdGPL7M+x/8TnHU=
github.com/osm/irc v1.0.3 h1:TNQJbWpfiK3xvQ5hXteOeqPhKFRuH0WmU8uf4OdOKMU=
github.com/osm/irc v1.0.3/go.mod h1:rSy1ovbsD4+Oq5aMDCm38fc9994iPdGPL7M+x/8TnHU=
github.com/osm/irc v1.1.0 h1:ZppMZX0pQCw3sxdiKYmKGh1X7c16S6vDUoouu3igtwg=
github.com/osm/irc v1.1.0/go.mod h1:rSy1ovbsD4+Oq5aMDCm38fc9994iPdGPL7M+x/8TnHU=
github.com/osm/irc v1.1.1 h1:7ts0vw8lIHfpspCYoaaYycuOJvFqZxrTuL+uxzYVRyY=
github.com/osm/irc v1.1.1/go.mod h1:rSy1ovbsD4+Oq5aMDCm38fc9994iPdGPL7M+x/8TnHU=
github.com/osm/irc v1.1.2 h1:0w9jv8InkqeUl9w4V0FrjdSCK/4dnE9Vat5XUwDzAN8=
github.com/osm/irc v1.1.2/go.mod h1:rSy1ovbsD4+Oq5aMDCm38fc9994iPdGPL7M+x/8TnHU=
github.com/osm/irc v1.1.3 h1:srMPbja9VW4T6m7JLjS8bpmPx0HrlwZvgMC2VmZwmFM=
github.com/osm/irc v1.1.3/go.mod h1:rSy1ovbsD4+Oq5aMDCm38fc9994iPdGPL7M+x/8TnHU=
github.com/osm/irc v1.1.4 h1:9xmHJHlErwDew4Dg2fDZ0KQbZ1hC3dDq8AWE9CuUL04=
github.com/osm/irc v1.1.4/go.mod h1:rSy1ovbsD4+Oq5aMDCm38fc9994iPdGPL7M+x/8TnHU=
github.com/osm/irc v1.1.5 h1:89z2HlHt/zsMpwdAu7ls/82sIWo5SXJQI+emycKQo5w=
github.com/osm/irc v1.1.5/go.mod h1:foOm2mos3DpLJWTz9f8Ol3Z8OuWswqKboNuTpt0zFYY=
github.com/osm/jsonc v1.0.0 h1:gkf7NUkJOZf6r6JjoFcQqI/DPerZgKxL3hPpSiU8+pc=
github.com/osm/jsonc v1.0.0/go.mod h1:eO1eHT9OaBNO+/gC9rV36cPVOdoLeO5r8Pml+uyhiQ8=
github.com/osm/mex v1.0.0 h1:4r/2blhglEBazjPCQCXQIzBMlb+S3pDPHmnLaknWLfY=
github.com/osm/mex v1.0.0/go.mod h1:GTuZMApOlqUnJqu0lE+L1to45Cf05CEkh9FMIDC9RWo=
github.com/osm/migrator v1.0.0 h1:agu2anxIXohVXd1kckAthDdttQFcVmD6E4QvWaSPG88=
github.com/osm/migrator v1.0.0/go.mod h1:vb02hCGovs4PcmsED8NDiwyn8jm/bC900WfNnRZC02E=
github.com/osm/migrator v1.0.1 h1:QO2je0OBoeJ5l4nmqXlKRodkY4FAUpezKHmnoGPLAeA=
github.com/osm/migrator v1.0.1/go.mod h1:Kx0QfIqIFmSS/hL4ujFthS2ZYj9iTVIJkrM6hfZP8os=
github.com/osm/pastebin v1.0.0 h1:M0kxZfNJaLfRUjqpzNJUDMhXZmeros2CAVHwNCLi9YA=
github.com/osm/pastebin v1.0.0/go.mod h1:IYboqufJg1Hhq06sls1dCvpBAsEnoqX6EeOlNEYkxwk=
github.com/osm/pastebin v1.0.1 h1:XrCkX/PATasAqeR2xhYHN0DC0QRRUZzPZFHQHRTIVdk=
github.com/osm/pastebin v1.0.1/go.mod h1:IYboqufJg1Hhq06sls1dCvpBAsEnoqX6EeOlNEYkxwk=
github.com/osm/postnord v1.0.0 h1:SsIHF8Agk3QpjfgkNPLOTvcdlpgkuWH+QMpkrdyoOVk=
github.com/osm/postnord v1.0.0/go.mod h1:wgov2od8ou9x7il9oTMcVw8QJT6pQz5xIHnygXjsMpA=
github.com/osm/smhi v1.0.3 h1:jcsRqj1ZbHQiFHtAWwxuFSjtxVXN8SKuweRwx/APMmc=
github.com/osm/smhi v1.0.3/go.mod h1:sjqY6rs7BfU+lMFPAteh3ch/rPFhK08CTb8vCM86Xf4=
github.com/osm/smhi v1.0.4 h1:wehrfd8swCDjfSBnOHnAYRA9THzRESc8mMuQhaAWFqA=
github.com/osm/smhi v1.0.4/go.mod h1:sjqY6rs7BfU+lMFPAteh3ch/rPFhK08CTb8vCM86Xf4=
github.com/osm/smhi v1.0.5 h1:D8IQDndSHQmdwuSwWqtdkLT27rjtNhBswaSg8QvgJKQ=
github.com/osm/smhi v1.0.5/go.mod h1:sjqY6rs7BfU+lMFPAteh3ch/rPFhK08CTb8vCM86Xf4=
github.com/osm/ww v1.0.0 h1:5616YyT9iwL4PyUh8FNdDMmpbbs2GcaLgBjdi6dxqRg=
github.com/osm/ww v1.0.0/go.mod h1:+venM4UQIvdUh15aMvwsIUJ2sqHthoPy5TZ5FPKHL9Q=
github.com/robfig/cron/v3 v3.0.0 h1:kQ6Cb7aHOHTSzNVNEhmp8EcWKLb4CbiMW9h9VyIhO4E=
github.com/robfig/cron/v3 v3.0.0/go.mod h1:eQICP3HwyT7UooqI/z+Ov+PtYAWygg1TEWWzGIFLtro=
golang.org/x/crypto v0.0.0-20190308221718-c2843e01d9a2/go.mod h1:djNgcEr1/C05ACkg1iLfiJU5Ep61QUkGW8qpdssI0+w=
golang.org/x/crypto v0.0.0-20200622213623-75b288015ac9/go.mod h1:LzIPMQfyMNhhGPhUkYOs5KpL4U8rLKemX1yGLhDgUto=
golang.org/x/net v0.0.0-20190404232315-eb5bcb51f2a3/go.mod h1:t9HGtf8HONx5eT2rtn7q6eTqICYqUVnKs3thJo3Qplg=
golang.org/x/net v0.0.0-20201110031124-69a78807bb2b h1:uwuIcX0g4Yl1NC5XAz37xsr2lTtcqevgzYNVt49waME=
golang.org/x/net v0.0.0-20201110031124-69a78807bb2b/go.mod h1:sp8m0HH+o8qH0wwXwYZr8TS3Oi6o0r6Gce1SSxlDquU=
golang.org/x/sys v0.0.0-20190215142949-d0b11bdaac8a/go.mod h1:STP8DvDyc/dI5b8T5hshtkjS+E42TnysNCUPdjciGhY=
golang.org/x/sys v0.0.0-20190412213103-97732733099d/go.mod h1:h1NjWce9XRLGQEsW7wpKNCjG9DtNlClVuFLEZdDNbEs=
golang.org/x/sys v0.0.0-20200930185726-fdedc70b468f/go.mod h1:h1NjWce9XRLGQEsW7wpKNCjG9DtNlClVuFLEZdDNbEs=
golang.org/x/text v0.3.0/go.mod h1:NqM8EUOU14njkJ3fqMW+pc6Ldnwhi/IjpwHt7yyuwOQ=
golang.org/x/text v0.3.3/go.mod h1:5Zoc/QRtKVWzQhOtBMvqHzDpF6irO9z98xDceosuGiQ=
golang.org/x/tools v0.0.0-20180917221912-90fa682c2a6e/go.mod h1:n7NCudcB/nEzxVGmLbDWY5pfWTLqBcC2KZ6jyYvM4mQ=
