github.com/mattn/go-sqlite3 v1.9.0 h1:pDRiWfl+++eC2FEFRy6jXmQlvp4Yh3z1MJKg4UeYM/4=
github.com/mattn/go-sqlite3 v1.9.0/go.mod h1:FPy6KqzDD04eiIsT53CuJW3U88zkxoIYsOqkbpncsNc=
github.com/mattn/go-sqlite3 v1.11.0 h1:LDdKkqtYlom37fkvqs8rMPFKAMe8+SgjbwZ6ex1/A/Q=
github.com/mattn/go-sqlite3 v1.11.0/go.mod h1:FPy6KqzDD04eiIsT53CuJW3U88zkxoIYsOqkbpncsNc=
github.com/osm/event v1.0.0 h1:pfdZ2QUAU9Cas1CMlw+CUpRtyIhhuI+rMy8cnkdAXO8=
github.com/osm/event v1.0.0/go.mod h1:w0LNIYpkHaF62un5RwRuQv6CJP2l42m9iwcislaKZhU=
github.com/osm/irc v1.0.1 h1:PEalc7UV4XsUPMQ7sRGwlQ9e4Q2GvfvDRowXtYUcHIo=
github.com/osm/irc v1.0.1/go.mod h1:rSy1ovbsD4+Oq5aMDCm38fc9994iPdGPL7M+x/8TnHU=
github.com/osm/irc v1.0.2 h1:O8hR9Lqx2Fy6sTqWNSyVJ1T60LaZOVQXVDmiIuA/5aQ=
github.com/osm/irc v1.0.2/go.mod h1:rSy1ovbsD4+Oq5aMDCm38fc9994iPdGPL7M+x/8TnHU=
github.com/osm/irc v1.0.3 h1:TNQJbWpfiK3xvQ5hXteOeqPhKFRuH0WmU8uf4OdOKMU=
github.com/osm/irc v1.0.3/go.mod h1:rSy1ovbsD4+Oq5aMDCm38fc9994iPdGPL7M+x/8TnHU=
github.com/osm/jsonc v1.0.0 h1:gkf7NUkJOZf6r6JjoFcQqI/DPerZgKxL3hPpSiU8+pc=
github.com/osm/jsonc v1.0.0/go.mod h1:eO1eHT9OaBNO+/gC9rV36cPVOdoLeO5r8Pml+uyhiQ8=
github.com/osm/migrator v1.0.0 h1:agu2anxIXohVXd1kckAthDdttQFcVmD6E4QvWaSPG88=
github.com/osm/migrator v1.0.0/go.mod h1:vb02hCGovs4PcmsED8NDiwyn8jm/bC900WfNnRZC02E=
github.com/osm/migrator v1.0.1 h1:QO2je0OBoeJ5l4nmqXlKRodkY4FAUpezKHmnoGPLAeA=
github.com/osm/migrator v1.0.1/go.mod h1:Kx0QfIqIFmSS/hL4ujFthS2ZYj9iTVIJkrM6hfZP8os=
github.com/osm/pastebin v1.0.0 h1:M0kxZfNJaLfRUjqpzNJUDMhXZmeros2CAVHwNCLi9YA=
github.com/osm/pastebin v1.0.0/go.mod h1:IYboqufJg1Hhq06sls1dCvpBAsEnoqX6EeOlNEYkxwk=
github.com/robfig/cron/v3 v3.0.0 h1:kQ6Cb7aHOHTSzNVNEhmp8EcWKLb4CbiMW9h9VyIhO4E=
github.com/robfig/cron/v3 v3.0.0/go.mod h1:eQICP3HwyT7UooqI/z+Ov+PtYAWygg1TEWWzGIFLtro=
